
Microsoft Visual Studio Solution File, Format Version 12.00
# Visual Studio Version 17
VisualStudioVersion = 17.9.34728.123
MinimumVisualStudioVersion = 10.0.40219.1
Project("{FAE04EC0-301F-11D3-BF4B-00C04F79EFBC}") = "TaskSchedulerProject", "TaskSchedulerProject.csproj", "{758599E7-07F7-403B-B641-F0801AE3F293}"
EndProject
Global
	GlobalSection(SolutionConfigurationPlatforms) = preSolution
		Debug|Any CPU = Debug|Any CPU
		Release|Any CPU = Release|Any CPU
	EndGlobalSection
	GlobalSection(ProjectConfigurationPlatforms) = postSolution
		{758599E7-07F7-403B-B641-F0801AE3F293}.Debug|Any CPU.ActiveCfg = Debug|Any CPU
		{758599E7-07F7-403B-B641-F0801AE3F293}.Debug|Any CPU.Build.0 = Debug|Any CPU
		{758599E7-07F7-403B-B641-F0801AE3F293}.Release|Any CPU.ActiveCfg = Release|Any CPU
		{758599E7-07F7-403B-B641-F0801AE3F293}.Release|Any CPU.Build.0 = Release|Any CPU
	EndGlobalSection
	GlobalSection(SolutionProperties) = preSolution
		HideSolutionNode = FALSE
	EndGlobalSection
	GlobalSection(ExtensibilityGlobals) = postSolution
		SolutionGuid = {CFA5F77F-B476-4AB8-BE51-5F998CC2FFDD}
	EndGlobalSection
EndGlobal
